
Microsoft Visual Studio Solution File, Format Version 12.00
# Visual Studio Version 16
VisualStudioVersion = 16.0.30517.126
MinimumVisualStudioVersion = 10.0.40219.1
Project("{FAE04EC0-301F-11D3-BF4B-00C04F79EFBC}") = "My_first_project", "My_first_project\My_first_project.csproj", "{6915D9C3-2F71-4476-BE88-C75A65C4025A}"
EndProject
Project("{FAE04EC0-301F-11D3-BF4B-00C04F79EFBC}") = "Lab1", "Lab1\Lab1.csproj", "{A0E565C9-1549-4765-8421-66D8E5F0DDB6}"
EndProject
Global
	GlobalSection(SolutionConfigurationPlatforms) = preSolution
		Debug|Any CPU = Debug|Any CPU
		Release|Any CPU = Release|Any CPU
	EndGlobalSection
	GlobalSection(ProjectConfigurationPlatforms) = postSolution
		{6915D9C3-2F71-4476-BE88-C75A65C4025A}.Debug|Any CPU.ActiveCfg = Debug|Any CPU
		{6915D9C3-2F71-4476-BE88-C75A65C4025A}.Debug|Any CPU.Build.0 = Debug|Any CPU
		{6915D9C3-2F71-4476-BE88-C75A65C4025A}.Release|Any CPU.ActiveCfg = Release|Any CPU
		{6915D9C3-2F71-4476-BE88-C75A65C4025A}.Release|Any CPU.Build.0 = Release|Any CPU
		{A0E565C9-1549-4765-8421-66D8E5F0DDB6}.Debug|Any CPU.ActiveCfg = Debug|Any CPU
		{A0E565C9-1549-4765-8421-66D8E5F0DDB6}.Debug|Any CPU.Build.0 = Debug|Any CPU
		{A0E565C9-1549-4765-8421-66D8E5F0DDB6}.Release|Any CPU.ActiveCfg = Release|Any CPU
		{A0E565C9-1549-4765-8421-66D8E5F0DDB6}.Release|Any CPU.Build.0 = Release|Any CPU
	EndGlobalSection
	GlobalSection(SolutionProperties) = preSolution
		HideSolutionNode = FALSE
	EndGlobalSection
	GlobalSection(ExtensibilityGlobals) = postSolution
		SolutionGuid = {E0C0B08B-BF74-466B-B4A6-38C59BAF8F48}
	EndGlobalSection
EndGlobal
